
Microsoft Visual Studio Solution File, Format Version 12.00
# Visual Studio Version 17
VisualStudioVersion = 17.6.33712.159
MinimumVisualStudioVersion = 10.0.40219.1
Project("{FAE04EC0-301F-11D3-BF4B-00C04F79EFBC}") = "Logging", "Logging\Logging.csproj", "{CC2840A6-38D3-4A54-A6E7-AEE25C91482C}"
EndProject
Global
	GlobalSection(SolutionConfigurationPlatforms) = preSolution
		Debug|Any CPU = Debug|Any CPU
		Release|Any CPU = Release|Any CPU
	EndGlobalSection
	GlobalSection(ProjectConfigurationPlatforms) = postSolution
		{CC2840A6-38D3-4A54-A6E7-AEE25C91482C}.Debug|Any CPU.ActiveCfg = Debug|Any CPU
		{CC2840A6-38D3-4A54-A6E7-AEE25C91482C}.Debug|Any CPU.Build.0 = Debug|Any CPU
		{CC2840A6-38D3-4A54-A6E7-AEE25C91482C}.Release|Any CPU.ActiveCfg = Release|Any CPU
		{CC2840A6-38D3-4A54-A6E7-AEE25C91482C}.Release|Any CPU.Build.0 = Release|Any CPU
	EndGlobalSection
	GlobalSection(SolutionProperties) = preSolution
		HideSolutionNode = FALSE
	EndGlobalSection
	GlobalSection(ExtensibilityGlobals) = postSolution
		SolutionGuid = {3B4AD841-67D7-4C2F-B6E8-C9A389FF6015}
	EndGlobalSection
EndGlobal
